
Microsoft Visual Studio Solution File, Format Version 12.00
Project("{FAE04EC0-301F-11D3-BF4B-00C04F79EFBC}") = "WebApp", "WebApp\WebApp.csproj", "{3B76CF34-09AA-4A87-96E1-6CEED11E6766}"
EndProject
Project("{2150E333-8FDC-42A3-9474-1A3956D46DE8}") = "0_Solution Items", "0_Solution Items", "{4F321260-71B2-459C-8959-9347E8F0579B}"
	ProjectSection(SolutionItems) = preProject
		..\.gitignore = ..\.gitignore
		Directory.Build.props = Directory.Build.props
		HELP.md = HELP.md
		Docs\CapitalConnect_proposal.pdf = Docs\CapitalConnect_proposal.pdf
		..\.gitlab-ci.yml = ..\.gitlab-ci.yml
		..\docker-compose.yml = ..\docker-compose.yml
		Dockerfile = Dockerfile
	EndProjectSection
EndProject
Project("{2150E333-8FDC-42A3-9474-1A3956D46DE8}") = "1_App", "1_App", "{854841AA-4B8F-4E64-95FC-D8BDB6B4DDD8}"
EndProject
Project("{2150E333-8FDC-42A3-9474-1A3956D46DE8}") = "2_Base", "2_Base", "{EFDF0CA9-A781-439D-99AE-15EE20390467}"
EndProject
Project("{FAE04EC0-301F-11D3-BF4B-00C04F79EFBC}") = "App.Domain", "App.Domain\App.Domain.csproj", "{E7DE9566-60A8-4D8F-B27B-59BBB15F581F}"
EndProject
Project("{FAE04EC0-301F-11D3-BF4B-00C04F79EFBC}") = "Base.Domain", "Base.Domain\Base.Domain.csproj", "{052B98CE-6048-4533-98AB-5F695BA8C577}"
EndProject
Project("{FAE04EC0-301F-11D3-BF4B-00C04F79EFBC}") = "Base.Contracts.Domain", "Base.Contracts.Domain\Base.Contracts.Domain.csproj", "{238D6BF2-E1A1-4E7D-B4FD-E75E34B571D5}"
EndProject
Project("{FAE04EC0-301F-11D3-BF4B-00C04F79EFBC}") = "App.DAL.EF", "App.DAL.EF\App.DAL.EF.csproj", "{7B66FDFA-B691-46D2-A3E2-65D38FBB5413}"
EndProject
Project("{FAE04EC0-301F-11D3-BF4B-00C04F79EFBC}") = "Base.Contracts.DAL", "Base.Contracts.DAL\Base.Contracts.DAL.csproj", "{268A2E34-B065-4FF2-8891-D56683F72A4D}"
EndProject
Project("{FAE04EC0-301F-11D3-BF4B-00C04F79EFBC}") = "Base.DAL.EF", "Base.DAL.EF\Base.DAL.EF.csproj", "{F8C51AD9-FA41-48DB-8D16-9240ADD6D913}"
EndProject
Project("{FAE04EC0-301F-11D3-BF4B-00C04F79EFBC}") = "App.Contracts.DAL", "App.Contracts.DAL\App.Contracts.DAL.csproj", "{508E5BF8-5D37-4A02-81B4-C80B2B4EF0FE}"
EndProject
Project("{FAE04EC0-301F-11D3-BF4B-00C04F79EFBC}") = "Helpers", "Helpers\Helpers.csproj", "{2F216A08-0130-4E62-B977-CE733A2769E4}"
EndProject
Project("{FAE04EC0-301F-11D3-BF4B-00C04F79EFBC}") = "App.DAL.DTO", "App.DAL.DTO\App.DAL.DTO.csproj", "{557CC402-ED9A-4E82-855D-4837A702BD0A}"
EndProject
Project("{FAE04EC0-301F-11D3-BF4B-00C04F79EFBC}") = "Base.Contracts.BLL", "Base.Contracts.BLL\Base.Contracts.BLL.csproj", "{0EC96926-771A-44EB-9980-350B984A566B}"
EndProject
Project("{FAE04EC0-301F-11D3-BF4B-00C04F79EFBC}") = "Base.BLL", "Base.BLL\Base.BLL.csproj", "{C663679D-C03C-42E6-9658-C593934C13A1}"
EndProject
Project("{FAE04EC0-301F-11D3-BF4B-00C04F79EFBC}") = "App.BLL.DTO", "App.BLL.DTO\App.BLL.DTO.csproj", "{EC4B19BE-FF67-4D74-8CDD-CD8B76BD06C6}"
EndProject
Project("{FAE04EC0-301F-11D3-BF4B-00C04F79EFBC}") = "App.Contracts.BLL", "App.Contracts.BLL\App.Contracts.BLL.csproj", "{FB089EEE-8B39-49CA-B631-F60EE6454C15}"
EndProject
Project("{FAE04EC0-301F-11D3-BF4B-00C04F79EFBC}") = "App.BLL", "App.BLL\App.BLL.csproj", "{1401141E-AAB5-46DE-ABC5-28FC63064CCE}"
EndProject
Project("{FAE04EC0-301F-11D3-BF4B-00C04F79EFBC}") = "App.DTO", "App.DTO\App.DTO.csproj", "{0A3BA312-A0A5-4154-914D-F20BAA4D8A7D}"
EndProject
Project("{FAE04EC0-301F-11D3-BF4B-00C04F79EFBC}") = "Base.Test", "Base.Test\Base.Test.csproj", "{8F979EDE-CFE8-4257-BA80-AF17FC6CC51E}"
EndProject
Project("{FAE04EC0-301F-11D3-BF4B-00C04F79EFBC}") = "App.Test", "App.Test\App.Test.csproj", "{10DD887A-1903-4841-8772-4302490165A4}"
EndProject
Global
	GlobalSection(SolutionConfigurationPlatforms) = preSolution
		Debug|Any CPU = Debug|Any CPU
		Release|Any CPU = Release|Any CPU
	EndGlobalSection
	GlobalSection(ProjectConfigurationPlatforms) = postSolution
		{3B76CF34-09AA-4A87-96E1-6CEED11E6766}.Debug|Any CPU.ActiveCfg = Debug|Any CPU
		{3B76CF34-09AA-4A87-96E1-6CEED11E6766}.Debug|Any CPU.Build.0 = Debug|Any CPU
		{3B76CF34-09AA-4A87-96E1-6CEED11E6766}.Release|Any CPU.ActiveCfg = Release|Any CPU
		{3B76CF34-09AA-4A87-96E1-6CEED11E6766}.Release|Any CPU.Build.0 = Release|Any CPU
		{E7DE9566-60A8-4D8F-B27B-59BBB15F581F}.Debug|Any CPU.ActiveCfg = Debug|Any CPU
		{E7DE9566-60A8-4D8F-B27B-59BBB15F581F}.Debug|Any CPU.Build.0 = Debug|Any CPU
		{E7DE9566-60A8-4D8F-B27B-59BBB15F581F}.Release|Any CPU.ActiveCfg = Release|Any CPU
		{E7DE9566-60A8-4D8F-B27B-59BBB15F581F}.Release|Any CPU.Build.0 = Release|Any CPU
		{052B98CE-6048-4533-98AB-5F695BA8C577}.Debug|Any CPU.ActiveCfg = Debug|Any CPU
		{052B98CE-6048-4533-98AB-5F695BA8C577}.Debug|Any CPU.Build.0 = Debug|Any CPU
		{052B98CE-6048-4533-98AB-5F695BA8C577}.Release|Any CPU.ActiveCfg = Release|Any CPU
		{052B98CE-6048-4533-98AB-5F695BA8C577}.Release|Any CPU.Build.0 = Release|Any CPU
		{238D6BF2-E1A1-4E7D-B4FD-E75E34B571D5}.Debug|Any CPU.ActiveCfg = Debug|Any CPU
		{238D6BF2-E1A1-4E7D-B4FD-E75E34B571D5}.Debug|Any CPU.Build.0 = Debug|Any CPU
		{238D6BF2-E1A1-4E7D-B4FD-E75E34B571D5}.Release|Any CPU.ActiveCfg = Release|Any CPU
		{238D6BF2-E1A1-4E7D-B4FD-E75E34B571D5}.Release|Any CPU.Build.0 = Release|Any CPU
		{7B66FDFA-B691-46D2-A3E2-65D38FBB5413}.Debug|Any CPU.ActiveCfg = Debug|Any CPU
		{7B66FDFA-B691-46D2-A3E2-65D38FBB5413}.Debug|Any CPU.Build.0 = Debug|Any CPU
		{7B66FDFA-B691-46D2-A3E2-65D38FBB5413}.Release|Any CPU.ActiveCfg = Release|Any CPU
		{7B66FDFA-B691-46D2-A3E2-65D38FBB5413}.Release|Any CPU.Build.0 = Release|Any CPU
		{268A2E34-B065-4FF2-8891-D56683F72A4D}.Debug|Any CPU.ActiveCfg = Debug|Any CPU
		{268A2E34-B065-4FF2-8891-D56683F72A4D}.Debug|Any CPU.Build.0 = Debug|Any CPU
		{268A2E34-B065-4FF2-8891-D56683F72A4D}.Release|Any CPU.ActiveCfg = Release|Any CPU
		{268A2E34-B065-4FF2-8891-D56683F72A4D}.Release|Any CPU.Build.0 = Release|Any CPU
		{F8C51AD9-FA41-48DB-8D16-9240ADD6D913}.Debug|Any CPU.ActiveCfg = Debug|Any CPU
		{F8C51AD9-FA41-48DB-8D16-9240ADD6D913}.Debug|Any CPU.Build.0 = Debug|Any CPU
		{F8C51AD9-FA41-48DB-8D16-9240ADD6D913}.Release|Any CPU.ActiveCfg = Release|Any CPU
		{F8C51AD9-FA41-48DB-8D16-9240ADD6D913}.Release|Any CPU.Build.0 = Release|Any CPU
		{508E5BF8-5D37-4A02-81B4-C80B2B4EF0FE}.Debug|Any CPU.ActiveCfg = Debug|Any CPU
		{508E5BF8-5D37-4A02-81B4-C80B2B4EF0FE}.Debug|Any CPU.Build.0 = Debug|Any CPU
		{508E5BF8-5D37-4A02-81B4-C80B2B4EF0FE}.Release|Any CPU.ActiveCfg = Release|Any CPU
		{508E5BF8-5D37-4A02-81B4-C80B2B4EF0FE}.Release|Any CPU.Build.0 = Release|Any CPU
		{2F216A08-0130-4E62-B977-CE733A2769E4}.Debug|Any CPU.ActiveCfg = Debug|Any CPU
		{2F216A08-0130-4E62-B977-CE733A2769E4}.Debug|Any CPU.Build.0 = Debug|Any CPU
		{2F216A08-0130-4E62-B977-CE733A2769E4}.Release|Any CPU.ActiveCfg = Release|Any CPU
		{2F216A08-0130-4E62-B977-CE733A2769E4}.Release|Any CPU.Build.0 = Release|Any CPU
		{557CC402-ED9A-4E82-855D-4837A702BD0A}.Debug|Any CPU.ActiveCfg = Debug|Any CPU
		{557CC402-ED9A-4E82-855D-4837A702BD0A}.Debug|Any CPU.Build.0 = Debug|Any CPU
		{557CC402-ED9A-4E82-855D-4837A702BD0A}.Release|Any CPU.ActiveCfg = Release|Any CPU
		{557CC402-ED9A-4E82-855D-4837A702BD0A}.Release|Any CPU.Build.0 = Release|Any CPU
		{0EC96926-771A-44EB-9980-350B984A566B}.Debug|Any CPU.ActiveCfg = Debug|Any CPU
		{0EC96926-771A-44EB-9980-350B984A566B}.Debug|Any CPU.Build.0 = Debug|Any CPU
		{0EC96926-771A-44EB-9980-350B984A566B}.Release|Any CPU.ActiveCfg = Release|Any CPU
		{0EC96926-771A-44EB-9980-350B984A566B}.Release|Any CPU.Build.0 = Release|Any CPU
		{C663679D-C03C-42E6-9658-C593934C13A1}.Debug|Any CPU.ActiveCfg = Debug|Any CPU
		{C663679D-C03C-42E6-9658-C593934C13A1}.Debug|Any CPU.Build.0 = Debug|Any CPU
		{C663679D-C03C-42E6-9658-C593934C13A1}.Release|Any CPU.ActiveCfg = Release|Any CPU
		{C663679D-C03C-42E6-9658-C593934C13A1}.Release|Any CPU.Build.0 = Release|Any CPU
		{EC4B19BE-FF67-4D74-8CDD-CD8B76BD06C6}.Debug|Any CPU.ActiveCfg = Debug|Any CPU
		{EC4B19BE-FF67-4D74-8CDD-CD8B76BD06C6}.Debug|Any CPU.Build.0 = Debug|Any CPU
		{EC4B19BE-FF67-4D74-8CDD-CD8B76BD06C6}.Release|Any CPU.ActiveCfg = Release|Any CPU
		{EC4B19BE-FF67-4D74-8CDD-CD8B76BD06C6}.Release|Any CPU.Build.0 = Release|Any CPU
		{FB089EEE-8B39-49CA-B631-F60EE6454C15}.Debug|Any CPU.ActiveCfg = Debug|Any CPU
		{FB089EEE-8B39-49CA-B631-F60EE6454C15}.Debug|Any CPU.Build.0 = Debug|Any CPU
		{FB089EEE-8B39-49CA-B631-F60EE6454C15}.Release|Any CPU.ActiveCfg = Release|Any CPU
		{FB089EEE-8B39-49CA-B631-F60EE6454C15}.Release|Any CPU.Build.0 = Release|Any CPU
		{1401141E-AAB5-46DE-ABC5-28FC63064CCE}.Debug|Any CPU.ActiveCfg = Debug|Any CPU
		{1401141E-AAB5-46DE-ABC5-28FC63064CCE}.Debug|Any CPU.Build.0 = Debug|Any CPU
		{1401141E-AAB5-46DE-ABC5-28FC63064CCE}.Release|Any CPU.ActiveCfg = Release|Any CPU
		{1401141E-AAB5-46DE-ABC5-28FC63064CCE}.Release|Any CPU.Build.0 = Release|Any CPU
		{0A3BA312-A0A5-4154-914D-F20BAA4D8A7D}.Debug|Any CPU.ActiveCfg = Debug|Any CPU
		{0A3BA312-A0A5-4154-914D-F20BAA4D8A7D}.Debug|Any CPU.Build.0 = Debug|Any CPU
		{0A3BA312-A0A5-4154-914D-F20BAA4D8A7D}.Release|Any CPU.ActiveCfg = Release|Any CPU
		{0A3BA312-A0A5-4154-914D-F20BAA4D8A7D}.Release|Any CPU.Build.0 = Release|Any CPU
		{8F979EDE-CFE8-4257-BA80-AF17FC6CC51E}.Debug|Any CPU.ActiveCfg = Debug|Any CPU
		{8F979EDE-CFE8-4257-BA80-AF17FC6CC51E}.Debug|Any CPU.Build.0 = Debug|Any CPU
		{8F979EDE-CFE8-4257-BA80-AF17FC6CC51E}.Release|Any CPU.ActiveCfg = Release|Any CPU
		{8F979EDE-CFE8-4257-BA80-AF17FC6CC51E}.Release|Any CPU.Build.0 = Release|Any CPU
		{10DD887A-1903-4841-8772-4302490165A4}.Debug|Any CPU.ActiveCfg = Debug|Any CPU
		{10DD887A-1903-4841-8772-4302490165A4}.Debug|Any CPU.Build.0 = Debug|Any CPU
		{10DD887A-1903-4841-8772-4302490165A4}.Release|Any CPU.ActiveCfg = Release|Any CPU
		{10DD887A-1903-4841-8772-4302490165A4}.Release|Any CPU.Build.0 = Release|Any CPU
	EndGlobalSection
	GlobalSection(NestedProjects) = preSolution
		{E7DE9566-60A8-4D8F-B27B-59BBB15F581F} = {854841AA-4B8F-4E64-95FC-D8BDB6B4DDD8}
		{052B98CE-6048-4533-98AB-5F695BA8C577} = {EFDF0CA9-A781-439D-99AE-15EE20390467}
		{3B76CF34-09AA-4A87-96E1-6CEED11E6766} = {854841AA-4B8F-4E64-95FC-D8BDB6B4DDD8}
		{238D6BF2-E1A1-4E7D-B4FD-E75E34B571D5} = {EFDF0CA9-A781-439D-99AE-15EE20390467}
		{7B66FDFA-B691-46D2-A3E2-65D38FBB5413} = {854841AA-4B8F-4E64-95FC-D8BDB6B4DDD8}
		{268A2E34-B065-4FF2-8891-D56683F72A4D} = {EFDF0CA9-A781-439D-99AE-15EE20390467}
		{F8C51AD9-FA41-48DB-8D16-9240ADD6D913} = {EFDF0CA9-A781-439D-99AE-15EE20390467}
		{508E5BF8-5D37-4A02-81B4-C80B2B4EF0FE} = {854841AA-4B8F-4E64-95FC-D8BDB6B4DDD8}
		{2F216A08-0130-4E62-B977-CE733A2769E4} = {EFDF0CA9-A781-439D-99AE-15EE20390467}
		{557CC402-ED9A-4E82-855D-4837A702BD0A} = {854841AA-4B8F-4E64-95FC-D8BDB6B4DDD8}
		{0EC96926-771A-44EB-9980-350B984A566B} = {EFDF0CA9-A781-439D-99AE-15EE20390467}
		{C663679D-C03C-42E6-9658-C593934C13A1} = {EFDF0CA9-A781-439D-99AE-15EE20390467}
		{EC4B19BE-FF67-4D74-8CDD-CD8B76BD06C6} = {854841AA-4B8F-4E64-95FC-D8BDB6B4DDD8}
		{FB089EEE-8B39-49CA-B631-F60EE6454C15} = {854841AA-4B8F-4E64-95FC-D8BDB6B4DDD8}
		{1401141E-AAB5-46DE-ABC5-28FC63064CCE} = {854841AA-4B8F-4E64-95FC-D8BDB6B4DDD8}
		{0A3BA312-A0A5-4154-914D-F20BAA4D8A7D} = {854841AA-4B8F-4E64-95FC-D8BDB6B4DDD8}
		{8F979EDE-CFE8-4257-BA80-AF17FC6CC51E} = {EFDF0CA9-A781-439D-99AE-15EE20390467}
		{10DD887A-1903-4841-8772-4302490165A4} = {854841AA-4B8F-4E64-95FC-D8BDB6B4DDD8}
	EndGlobalSection
EndGlobal
